
Microsoft Visual Studio Solution File, Format Version 12.00
# Visual Studio 15
Project("{FAE04EC0-301F-11D3-BF4B-00C04F79EFBC}") = "Assembly-CSharp", "Assembly-CSharp.csproj", "{AA3CF407-7CAA-870C-379D-60D2BBCEC5EE}"
EndProject
Project("{FAE04EC0-301F-11D3-BF4B-00C04F79EFBC}") = "Assembly-CSharp-Editor", "Assembly-CSharp-Editor.csproj", "{FC8C411A-9B2F-A74C-A0E4-5FF08840DD7D}"
EndProject
Global
	GlobalSection(SolutionConfigurationPlatforms) = preSolution
		Debug|Any CPU = Debug|Any CPU
		Release|Any CPU = Release|Any CPU
	EndGlobalSection
	GlobalSection(ProjectConfigurationPlatforms) = postSolution
		{AA3CF407-7CAA-870C-379D-60D2BBCEC5EE}.Debug|Any CPU.ActiveCfg = Debug|Any CPU
		{AA3CF407-7CAA-870C-379D-60D2BBCEC5EE}.Debug|Any CPU.Build.0 = Debug|Any CPU
		{AA3CF407-7CAA-870C-379D-60D2BBCEC5EE}.Release|Any CPU.ActiveCfg = Release|Any CPU
		{AA3CF407-7CAA-870C-379D-60D2BBCEC5EE}.Release|Any CPU.Build.0 = Release|Any CPU
		{FC8C411A-9B2F-A74C-A0E4-5FF08840DD7D}.Debug|Any CPU.ActiveCfg = Debug|Any CPU
		{FC8C411A-9B2F-A74C-A0E4-5FF08840DD7D}.Debug|Any CPU.Build.0 = Debug|Any CPU
		{FC8C411A-9B2F-A74C-A0E4-5FF08840DD7D}.Release|Any CPU.ActiveCfg = Release|Any CPU
		{FC8C411A-9B2F-A74C-A0E4-5FF08840DD7D}.Release|Any CPU.Build.0 = Release|Any CPU
	EndGlobalSection
	GlobalSection(SolutionProperties) = preSolution
		HideSolutionNode = FALSE
	EndGlobalSection
EndGlobal
